
Microsoft Visual Studio Solution File, Format Version 12.00
# Visual Studio Version 17
VisualStudioVersion = 17.6.33829.357
MinimumVisualStudioVersion = 10.0.40219.1
Project("{FAE04EC0-301F-11D3-BF4B-00C04F79EFBC}") = "pastrianWebApp", "pastrianWebApp\pastrianWebApp.csproj", "{F453B898-69B2-4448-A83C-BE6F67B74816}"
EndProject
Global
	GlobalSection(SolutionConfigurationPlatforms) = preSolution
		Debug|Any CPU = Debug|Any CPU
		Release|Any CPU = Release|Any CPU
	EndGlobalSection
	GlobalSection(ProjectConfigurationPlatforms) = postSolution
		{F453B898-69B2-4448-A83C-BE6F67B74816}.Debug|Any CPU.ActiveCfg = Debug|Any CPU
		{F453B898-69B2-4448-A83C-BE6F67B74816}.Debug|Any CPU.Build.0 = Debug|Any CPU
		{F453B898-69B2-4448-A83C-BE6F67B74816}.Release|Any CPU.ActiveCfg = Release|Any CPU
		{F453B898-69B2-4448-A83C-BE6F67B74816}.Release|Any CPU.Build.0 = Release|Any CPU
	EndGlobalSection
	GlobalSection(SolutionProperties) = preSolution
		HideSolutionNode = FALSE
	EndGlobalSection
	GlobalSection(ExtensibilityGlobals) = postSolution
		SolutionGuid = {6E9EA625-5DA1-4917-9087-76BAFD0CE99A}
	EndGlobalSection
EndGlobal
